
Microsoft Visual Studio Solution File, Format Version 12.00
# Visual Studio Version 17
VisualStudioVersion = 17.7.34031.279
MinimumVisualStudioVersion = 10.0.40219.1
Project("{FAE04EC0-301F-11D3-BF4B-00C04F79EFBC}") = "Trip", "Trip.csproj", "{52E0B8D8-FFB3-4432-85D4-6BD74FEF5D19}"
EndProject
Global
	GlobalSection(SolutionConfigurationPlatforms) = preSolution
		Debug|Any CPU = Debug|Any CPU
		Release|Any CPU = Release|Any CPU
	EndGlobalSection
	GlobalSection(ProjectConfigurationPlatforms) = postSolution
		{52E0B8D8-FFB3-4432-85D4-6BD74FEF5D19}.Debug|Any CPU.ActiveCfg = Debug|Any CPU
		{52E0B8D8-FFB3-4432-85D4-6BD74FEF5D19}.Debug|Any CPU.Build.0 = Debug|Any CPU
		{52E0B8D8-FFB3-4432-85D4-6BD74FEF5D19}.Release|Any CPU.ActiveCfg = Release|Any CPU
		{52E0B8D8-FFB3-4432-85D4-6BD74FEF5D19}.Release|Any CPU.Build.0 = Release|Any CPU
	EndGlobalSection
	GlobalSection(SolutionProperties) = preSolution
		HideSolutionNode = FALSE
	EndGlobalSection
	GlobalSection(ExtensibilityGlobals) = postSolution
		SolutionGuid = {252B0402-A4DE-481F-8706-AB0E1DAA9712}
	EndGlobalSection
EndGlobal
